
Microsoft Visual Studio Solution File, Format Version 12.00
# Visual Studio Version 16
VisualStudioVersion = 16.0.29102.190
MinimumVisualStudioVersion = 10.0.40219.1
Project("{FAE04EC0-301F-11D3-BF4B-00C04F79EFBC}") = "RemixDownloader.Uwp", "RemixDownloader.Uwp\RemixDownloader.Uwp.csproj", "{D66A9A47-57E6-4A1F-99C0-77D5511ECC6A}"
EndProject
Project("{FAE04EC0-301F-11D3-BF4B-00C04F79EFBC}") = "RemixDownloader.Core", "RemixDownloader.Core\RemixDownloader.Core.csproj", "{63829EFD-10DE-41F5-AE14-A588FA47C51A}"
EndProject
Global
	GlobalSection(SolutionConfigurationPlatforms) = preSolution
		Debug|Any CPU = Debug|Any CPU
		Debug|ARM = Debug|ARM
		Debug|ARM64 = Debug|ARM64
		Debug|x64 = Debug|x64
		Debug|x86 = Debug|x86
		Release|Any CPU = Release|Any CPU
		Release|ARM = Release|ARM
		Release|ARM64 = Release|ARM64
		Release|x64 = Release|x64
		Release|x86 = Release|x86
	EndGlobalSection
	GlobalSection(ProjectConfigurationPlatforms) = postSolution
		{D66A9A47-57E6-4A1F-99C0-77D5511ECC6A}.Debug|Any CPU.ActiveCfg = Debug|x86
		{D66A9A47-57E6-4A1F-99C0-77D5511ECC6A}.Debug|ARM.ActiveCfg = Debug|ARM
		{D66A9A47-57E6-4A1F-99C0-77D5511ECC6A}.Debug|ARM.Build.0 = Debug|ARM
		{D66A9A47-57E6-4A1F-99C0-77D5511ECC6A}.Debug|ARM.Deploy.0 = Debug|ARM
		{D66A9A47-57E6-4A1F-99C0-77D5511ECC6A}.Debug|ARM64.ActiveCfg = Debug|ARM64
		{D66A9A47-57E6-4A1F-99C0-77D5511ECC6A}.Debug|ARM64.Build.0 = Debug|ARM64
		{D66A9A47-57E6-4A1F-99C0-77D5511ECC6A}.Debug|ARM64.Deploy.0 = Debug|ARM64
		{D66A9A47-57E6-4A1F-99C0-77D5511ECC6A}.Debug|x64.ActiveCfg = Debug|x64
		{D66A9A47-57E6-4A1F-99C0-77D5511ECC6A}.Debug|x64.Build.0 = Debug|x64
		{D66A9A47-57E6-4A1F-99C0-77D5511ECC6A}.Debug|x64.Deploy.0 = Debug|x64
		{D66A9A47-57E6-4A1F-99C0-77D5511ECC6A}.Debug|x86.ActiveCfg = Debug|x86
		{D66A9A47-57E6-4A1F-99C0-77D5511ECC6A}.Debug|x86.Build.0 = Debug|x86
		{D66A9A47-57E6-4A1F-99C0-77D5511ECC6A}.Debug|x86.Deploy.0 = Debug|x86
		{D66A9A47-57E6-4A1F-99C0-77D5511ECC6A}.Release|Any CPU.ActiveCfg = Release|x86
		{D66A9A47-57E6-4A1F-99C0-77D5511ECC6A}.Release|ARM.ActiveCfg = Release|ARM
		{D66A9A47-57E6-4A1F-99C0-77D5511ECC6A}.Release|ARM.Build.0 = Release|ARM
		{D66A9A47-57E6-4A1F-99C0-77D5511ECC6A}.Release|ARM.Deploy.0 = Release|ARM
		{D66A9A47-57E6-4A1F-99C0-77D5511ECC6A}.Release|ARM64.ActiveCfg = Release|ARM64
		{D66A9A47-57E6-4A1F-99C0-77D5511ECC6A}.Release|ARM64.Build.0 = Release|ARM64
		{D66A9A47-57E6-4A1F-99C0-77D5511ECC6A}.Release|ARM64.Deploy.0 = Release|ARM64
		{D66A9A47-57E6-4A1F-99C0-77D5511ECC6A}.Release|x64.ActiveCfg = Release|x64
		{D66A9A47-57E6-4A1F-99C0-77D5511ECC6A}.Release|x64.Build.0 = Release|x64
		{D66A9A47-57E6-4A1F-99C0-77D5511ECC6A}.Release|x64.Deploy.0 = Release|x64
		{D66A9A47-57E6-4A1F-99C0-77D5511ECC6A}.Release|x86.ActiveCfg = Release|x86
		{D66A9A47-57E6-4A1F-99C0-77D5511ECC6A}.Release|x86.Build.0 = Release|x86
		{D66A9A47-57E6-4A1F-99C0-77D5511ECC6A}.Release|x86.Deploy.0 = Release|x86
		{63829EFD-10DE-41F5-AE14-A588FA47C51A}.Debug|Any CPU.ActiveCfg = Debug|Any CPU
		{63829EFD-10DE-41F5-AE14-A588FA47C51A}.Debug|Any CPU.Build.0 = Debug|Any CPU
		{63829EFD-10DE-41F5-AE14-A588FA47C51A}.Debug|ARM.ActiveCfg = Debug|Any CPU
		{63829EFD-10DE-41F5-AE14-A588FA47C51A}.Debug|ARM.Build.0 = Debug|Any CPU
		{63829EFD-10DE-41F5-AE14-A588FA47C51A}.Debug|ARM64.ActiveCfg = Debug|Any CPU
		{63829EFD-10DE-41F5-AE14-A588FA47C51A}.Debug|ARM64.Build.0 = Debug|Any CPU
		{63829EFD-10DE-41F5-AE14-A588FA47C51A}.Debug|x64.ActiveCfg = Debug|Any CPU
		{63829EFD-10DE-41F5-AE14-A588FA47C51A}.Debug|x64.Build.0 = Debug|Any CPU
		{63829EFD-10DE-41F5-AE14-A588FA47C51A}.Debug|x86.ActiveCfg = Debug|Any CPU
		{63829EFD-10DE-41F5-AE14-A588FA47C51A}.Debug|x86.Build.0 = Debug|Any CPU
		{63829EFD-10DE-41F5-AE14-A588FA47C51A}.Release|Any CPU.ActiveCfg = Release|Any CPU
		{63829EFD-10DE-41F5-AE14-A588FA47C51A}.Release|Any CPU.Build.0 = Release|Any CPU
		{63829EFD-10DE-41F5-AE14-A588FA47C51A}.Release|ARM.ActiveCfg = Release|Any CPU
		{63829EFD-10DE-41F5-AE14-A588FA47C51A}.Release|ARM.Build.0 = Release|Any CPU
		{63829EFD-10DE-41F5-AE14-A588FA47C51A}.Release|ARM64.ActiveCfg = Release|Any CPU
		{63829EFD-10DE-41F5-AE14-A588FA47C51A}.Release|ARM64.Build.0 = Release|Any CPU
		{63829EFD-10DE-41F5-AE14-A588FA47C51A}.Release|x64.ActiveCfg = Release|Any CPU
		{63829EFD-10DE-41F5-AE14-A588FA47C51A}.Release|x64.Build.0 = Release|Any CPU
		{63829EFD-10DE-41F5-AE14-A588FA47C51A}.Release|x86.ActiveCfg = Release|Any CPU
		{63829EFD-10DE-41F5-AE14-A588FA47C51A}.Release|x86.Build.0 = Release|Any CPU
	EndGlobalSection
	GlobalSection(SolutionProperties) = preSolution
		HideSolutionNode = FALSE
	EndGlobalSection
	GlobalSection(ExtensibilityGlobals) = postSolution
		SolutionGuid = {1DA28C23-82F7-4A37-8524-00A85EF28BAB}
	EndGlobalSection
EndGlobal
